
Microsoft Visual Studio Solution File, Format Version 12.00
# Visual Studio 2013
VisualStudioVersion = 12.0.40629.0
MinimumVisualStudioVersion = 10.0.40219.1
Project("{FAE04EC0-301F-11D3-BF4B-00C04F79EFBC}") = "DirectxWpf", "DirectxWpf\DirectxWpf.csproj", "{A25DDC9F-6F04-47AB-8460-E1CE00F7B5EE}"
EndProject
Project("{FAE04EC0-301F-11D3-BF4B-00C04F79EFBC}") = "DaeSharpWpf", "DaeSharpWpf\DaeSharpWpf.csproj", "{669EC58C-FF2F-4457-8AF9-97873B74EF79}"
EndProject
Global
	GlobalSection(SolutionConfigurationPlatforms) = preSolution
		Debug|Any CPU = Debug|Any CPU
		Release|Any CPU = Release|Any CPU
	EndGlobalSection
	GlobalSection(ProjectConfigurationPlatforms) = postSolution
		{A25DDC9F-6F04-47AB-8460-E1CE00F7B5EE}.Debug|Any CPU.ActiveCfg = Debug|Any CPU
		{A25DDC9F-6F04-47AB-8460-E1CE00F7B5EE}.Debug|Any CPU.Build.0 = Debug|Any CPU
		{A25DDC9F-6F04-47AB-8460-E1CE00F7B5EE}.Release|Any CPU.ActiveCfg = Release|Any CPU
		{A25DDC9F-6F04-47AB-8460-E1CE00F7B5EE}.Release|Any CPU.Build.0 = Release|Any CPU
		{669EC58C-FF2F-4457-8AF9-97873B74EF79}.Debug|Any CPU.ActiveCfg = Debug|Any CPU
		{669EC58C-FF2F-4457-8AF9-97873B74EF79}.Debug|Any CPU.Build.0 = Debug|Any CPU
		{669EC58C-FF2F-4457-8AF9-97873B74EF79}.Release|Any CPU.ActiveCfg = Release|Any CPU
		{669EC58C-FF2F-4457-8AF9-97873B74EF79}.Release|Any CPU.Build.0 = Release|Any CPU
	EndGlobalSection
	GlobalSection(SolutionProperties) = preSolution
		HideSolutionNode = FALSE
	EndGlobalSection
EndGlobal
